
Microsoft Visual Studio Solution File, Format Version 12.00
# Visual Studio Version 16
VisualStudioVersion = 16.0.30114.105
MinimumVisualStudioVersion = 10.0.40219.1
Project("{2150E333-8FDC-42A3-9474-1A3956D46DE8}") = "src", "src", "{74D6B7CE-36C3-40AF-92E1-22F277A47813}"
EndProject
Project("{FAE04EC0-301F-11D3-BF4B-00C04F79EFBC}") = "Build", "src\Build\Build.csproj", "{A4279715-2257-420B-8019-7CACD4C177D7}"
EndProject
Project("{FAE04EC0-301F-11D3-BF4B-00C04F79EFBC}") = "PlayerBuilder", "src\PlayerBuilder\PlayerBuilder.csproj", "{2EE5C8BA-3C9B-41FD-A440-324D46C35882}"
EndProject
Project("{FAE04EC0-301F-11D3-BF4B-00C04F79EFBC}") = "Rules", "src\Rules\Rules.csproj", "{A9415D0D-1007-4B2E-B8E3-556EA25FC419}"
EndProject
Project("{FAE04EC0-301F-11D3-BF4B-00C04F79EFBC}") = "Terminal", "src\Terminal\Terminal.csproj", "{2183362C-AA1A-4780-A8C7-427DE26AB62B}"
EndProject
Project("{2150E333-8FDC-42A3-9474-1A3956D46DE8}") = "tests", "tests", "{87853E18-C4A6-42F5-86AF-74E29DB3775D}"
EndProject
Project("{FAE04EC0-301F-11D3-BF4B-00C04F79EFBC}") = "TerminalTests", "tests\TerminalTests\TerminalTests.csproj", "{09C48120-A8DC-4C98-8968-E9CFF679FF47}"
EndProject
Project("{FAE04EC0-301F-11D3-BF4B-00C04F79EFBC}") = "RulesTests", "tests\RulesTests\RulesTests.csproj", "{05B6F7F8-27E5-49C5-B99E-A0E90E01DED4}"
EndProject
Project("{FAE04EC0-301F-11D3-BF4B-00C04F79EFBC}") = "PlayerBuilderTests", "tests\PlayerBuilderTests\PlayerBuilderTests.csproj", "{9BBBF486-D607-4190-8F56-6A799159BFB2}"
EndProject
Global
	GlobalSection(SolutionConfigurationPlatforms) = preSolution
		Debug|Any CPU = Debug|Any CPU
		Debug|x64 = Debug|x64
		Debug|x86 = Debug|x86
		Release|Any CPU = Release|Any CPU
		Release|x64 = Release|x64
		Release|x86 = Release|x86
	EndGlobalSection
	GlobalSection(SolutionProperties) = preSolution
		HideSolutionNode = FALSE
	EndGlobalSection
	GlobalSection(ProjectConfigurationPlatforms) = postSolution
		{A4279715-2257-420B-8019-7CACD4C177D7}.Debug|Any CPU.ActiveCfg = Debug|Any CPU
		{A4279715-2257-420B-8019-7CACD4C177D7}.Debug|Any CPU.Build.0 = Debug|Any CPU
		{A4279715-2257-420B-8019-7CACD4C177D7}.Debug|x64.ActiveCfg = Debug|Any CPU
		{A4279715-2257-420B-8019-7CACD4C177D7}.Debug|x64.Build.0 = Debug|Any CPU
		{A4279715-2257-420B-8019-7CACD4C177D7}.Debug|x86.ActiveCfg = Debug|Any CPU
		{A4279715-2257-420B-8019-7CACD4C177D7}.Debug|x86.Build.0 = Debug|Any CPU
		{A4279715-2257-420B-8019-7CACD4C177D7}.Release|Any CPU.ActiveCfg = Release|Any CPU
		{A4279715-2257-420B-8019-7CACD4C177D7}.Release|Any CPU.Build.0 = Release|Any CPU
		{A4279715-2257-420B-8019-7CACD4C177D7}.Release|x64.ActiveCfg = Release|Any CPU
		{A4279715-2257-420B-8019-7CACD4C177D7}.Release|x64.Build.0 = Release|Any CPU
		{A4279715-2257-420B-8019-7CACD4C177D7}.Release|x86.ActiveCfg = Release|Any CPU
		{A4279715-2257-420B-8019-7CACD4C177D7}.Release|x86.Build.0 = Release|Any CPU
		{2EE5C8BA-3C9B-41FD-A440-324D46C35882}.Debug|Any CPU.ActiveCfg = Debug|Any CPU
		{2EE5C8BA-3C9B-41FD-A440-324D46C35882}.Debug|Any CPU.Build.0 = Debug|Any CPU
		{2EE5C8BA-3C9B-41FD-A440-324D46C35882}.Debug|x64.ActiveCfg = Debug|Any CPU
		{2EE5C8BA-3C9B-41FD-A440-324D46C35882}.Debug|x64.Build.0 = Debug|Any CPU
		{2EE5C8BA-3C9B-41FD-A440-324D46C35882}.Debug|x86.ActiveCfg = Debug|Any CPU
		{2EE5C8BA-3C9B-41FD-A440-324D46C35882}.Debug|x86.Build.0 = Debug|Any CPU
		{2EE5C8BA-3C9B-41FD-A440-324D46C35882}.Release|Any CPU.ActiveCfg = Release|Any CPU
		{2EE5C8BA-3C9B-41FD-A440-324D46C35882}.Release|Any CPU.Build.0 = Release|Any CPU
		{2EE5C8BA-3C9B-41FD-A440-324D46C35882}.Release|x64.ActiveCfg = Release|Any CPU
		{2EE5C8BA-3C9B-41FD-A440-324D46C35882}.Release|x64.Build.0 = Release|Any CPU
		{2EE5C8BA-3C9B-41FD-A440-324D46C35882}.Release|x86.ActiveCfg = Release|Any CPU
		{2EE5C8BA-3C9B-41FD-A440-324D46C35882}.Release|x86.Build.0 = Release|Any CPU
		{A9415D0D-1007-4B2E-B8E3-556EA25FC419}.Debug|Any CPU.ActiveCfg = Debug|Any CPU
		{A9415D0D-1007-4B2E-B8E3-556EA25FC419}.Debug|Any CPU.Build.0 = Debug|Any CPU
		{A9415D0D-1007-4B2E-B8E3-556EA25FC419}.Debug|x64.ActiveCfg = Debug|Any CPU
		{A9415D0D-1007-4B2E-B8E3-556EA25FC419}.Debug|x64.Build.0 = Debug|Any CPU
		{A9415D0D-1007-4B2E-B8E3-556EA25FC419}.Debug|x86.ActiveCfg = Debug|Any CPU
		{A9415D0D-1007-4B2E-B8E3-556EA25FC419}.Debug|x86.Build.0 = Debug|Any CPU
		{A9415D0D-1007-4B2E-B8E3-556EA25FC419}.Release|Any CPU.ActiveCfg = Release|Any CPU
		{A9415D0D-1007-4B2E-B8E3-556EA25FC419}.Release|Any CPU.Build.0 = Release|Any CPU
		{A9415D0D-1007-4B2E-B8E3-556EA25FC419}.Release|x64.ActiveCfg = Release|Any CPU
		{A9415D0D-1007-4B2E-B8E3-556EA25FC419}.Release|x64.Build.0 = Release|Any CPU
		{A9415D0D-1007-4B2E-B8E3-556EA25FC419}.Release|x86.ActiveCfg = Release|Any CPU
		{A9415D0D-1007-4B2E-B8E3-556EA25FC419}.Release|x86.Build.0 = Release|Any CPU
		{2183362C-AA1A-4780-A8C7-427DE26AB62B}.Debug|Any CPU.ActiveCfg = Debug|Any CPU
		{2183362C-AA1A-4780-A8C7-427DE26AB62B}.Debug|Any CPU.Build.0 = Debug|Any CPU
		{2183362C-AA1A-4780-A8C7-427DE26AB62B}.Debug|x64.ActiveCfg = Debug|Any CPU
		{2183362C-AA1A-4780-A8C7-427DE26AB62B}.Debug|x64.Build.0 = Debug|Any CPU
		{2183362C-AA1A-4780-A8C7-427DE26AB62B}.Debug|x86.ActiveCfg = Debug|Any CPU
		{2183362C-AA1A-4780-A8C7-427DE26AB62B}.Debug|x86.Build.0 = Debug|Any CPU
		{2183362C-AA1A-4780-A8C7-427DE26AB62B}.Release|Any CPU.ActiveCfg = Release|Any CPU
		{2183362C-AA1A-4780-A8C7-427DE26AB62B}.Release|Any CPU.Build.0 = Release|Any CPU
		{2183362C-AA1A-4780-A8C7-427DE26AB62B}.Release|x64.ActiveCfg = Release|Any CPU
		{2183362C-AA1A-4780-A8C7-427DE26AB62B}.Release|x64.Build.0 = Release|Any CPU
		{2183362C-AA1A-4780-A8C7-427DE26AB62B}.Release|x86.ActiveCfg = Release|Any CPU
		{2183362C-AA1A-4780-A8C7-427DE26AB62B}.Release|x86.Build.0 = Release|Any CPU
		{09C48120-A8DC-4C98-8968-E9CFF679FF47}.Debug|Any CPU.ActiveCfg = Debug|Any CPU
		{09C48120-A8DC-4C98-8968-E9CFF679FF47}.Debug|Any CPU.Build.0 = Debug|Any CPU
		{09C48120-A8DC-4C98-8968-E9CFF679FF47}.Debug|x64.ActiveCfg = Debug|Any CPU
		{09C48120-A8DC-4C98-8968-E9CFF679FF47}.Debug|x64.Build.0 = Debug|Any CPU
		{09C48120-A8DC-4C98-8968-E9CFF679FF47}.Debug|x86.ActiveCfg = Debug|Any CPU
		{09C48120-A8DC-4C98-8968-E9CFF679FF47}.Debug|x86.Build.0 = Debug|Any CPU
		{09C48120-A8DC-4C98-8968-E9CFF679FF47}.Release|Any CPU.ActiveCfg = Release|Any CPU
		{09C48120-A8DC-4C98-8968-E9CFF679FF47}.Release|Any CPU.Build.0 = Release|Any CPU
		{09C48120-A8DC-4C98-8968-E9CFF679FF47}.Release|x64.ActiveCfg = Release|Any CPU
		{09C48120-A8DC-4C98-8968-E9CFF679FF47}.Release|x64.Build.0 = Release|Any CPU
		{09C48120-A8DC-4C98-8968-E9CFF679FF47}.Release|x86.ActiveCfg = Release|Any CPU
		{09C48120-A8DC-4C98-8968-E9CFF679FF47}.Release|x86.Build.0 = Release|Any CPU
		{05B6F7F8-27E5-49C5-B99E-A0E90E01DED4}.Debug|Any CPU.ActiveCfg = Debug|Any CPU
		{05B6F7F8-27E5-49C5-B99E-A0E90E01DED4}.Debug|Any CPU.Build.0 = Debug|Any CPU
		{05B6F7F8-27E5-49C5-B99E-A0E90E01DED4}.Debug|x64.ActiveCfg = Debug|Any CPU
		{05B6F7F8-27E5-49C5-B99E-A0E90E01DED4}.Debug|x64.Build.0 = Debug|Any CPU
		{05B6F7F8-27E5-49C5-B99E-A0E90E01DED4}.Debug|x86.ActiveCfg = Debug|Any CPU
		{05B6F7F8-27E5-49C5-B99E-A0E90E01DED4}.Debug|x86.Build.0 = Debug|Any CPU
		{05B6F7F8-27E5-49C5-B99E-A0E90E01DED4}.Release|Any CPU.ActiveCfg = Release|Any CPU
		{05B6F7F8-27E5-49C5-B99E-A0E90E01DED4}.Release|Any CPU.Build.0 = Release|Any CPU
		{05B6F7F8-27E5-49C5-B99E-A0E90E01DED4}.Release|x64.ActiveCfg = Release|Any CPU
		{05B6F7F8-27E5-49C5-B99E-A0E90E01DED4}.Release|x64.Build.0 = Release|Any CPU
		{05B6F7F8-27E5-49C5-B99E-A0E90E01DED4}.Release|x86.ActiveCfg = Release|Any CPU
		{05B6F7F8-27E5-49C5-B99E-A0E90E01DED4}.Release|x86.Build.0 = Release|Any CPU
		{9BBBF486-D607-4190-8F56-6A799159BFB2}.Debug|Any CPU.ActiveCfg = Debug|Any CPU
		{9BBBF486-D607-4190-8F56-6A799159BFB2}.Debug|Any CPU.Build.0 = Debug|Any CPU
		{9BBBF486-D607-4190-8F56-6A799159BFB2}.Debug|x64.ActiveCfg = Debug|Any CPU
		{9BBBF486-D607-4190-8F56-6A799159BFB2}.Debug|x64.Build.0 = Debug|Any CPU
		{9BBBF486-D607-4190-8F56-6A799159BFB2}.Debug|x86.ActiveCfg = Debug|Any CPU
		{9BBBF486-D607-4190-8F56-6A799159BFB2}.Debug|x86.Build.0 = Debug|Any CPU
		{9BBBF486-D607-4190-8F56-6A799159BFB2}.Release|Any CPU.ActiveCfg = Release|Any CPU
		{9BBBF486-D607-4190-8F56-6A799159BFB2}.Release|Any CPU.Build.0 = Release|Any CPU
		{9BBBF486-D607-4190-8F56-6A799159BFB2}.Release|x64.ActiveCfg = Release|Any CPU
		{9BBBF486-D607-4190-8F56-6A799159BFB2}.Release|x64.Build.0 = Release|Any CPU
		{9BBBF486-D607-4190-8F56-6A799159BFB2}.Release|x86.ActiveCfg = Release|Any CPU
		{9BBBF486-D607-4190-8F56-6A799159BFB2}.Release|x86.Build.0 = Release|Any CPU
	EndGlobalSection
	GlobalSection(NestedProjects) = preSolution
		{A4279715-2257-420B-8019-7CACD4C177D7} = {74D6B7CE-36C3-40AF-92E1-22F277A47813}
		{2EE5C8BA-3C9B-41FD-A440-324D46C35882} = {74D6B7CE-36C3-40AF-92E1-22F277A47813}
		{A9415D0D-1007-4B2E-B8E3-556EA25FC419} = {74D6B7CE-36C3-40AF-92E1-22F277A47813}
		{2183362C-AA1A-4780-A8C7-427DE26AB62B} = {74D6B7CE-36C3-40AF-92E1-22F277A47813}
		{09C48120-A8DC-4C98-8968-E9CFF679FF47} = {87853E18-C4A6-42F5-86AF-74E29DB3775D}
		{05B6F7F8-27E5-49C5-B99E-A0E90E01DED4} = {87853E18-C4A6-42F5-86AF-74E29DB3775D}
		{9BBBF486-D607-4190-8F56-6A799159BFB2} = {87853E18-C4A6-42F5-86AF-74E29DB3775D}
	EndGlobalSection
EndGlobal
